// !$*UTF8*$!
{
	archiveVersion = 1;
	classes = {
	};
	objectVersion = 46;
	objects = {

/* Begin PBXBuildFile section */
		2F1734F91800356E002DD3EB /* CoreFoundation.framework in Frameworks */ = {isa = PBXBuildFile; fileRef = 2F1734F81800356E002DD3EB /* CoreFoundation.framework */; };
		2F173505180037D9002DD3EB /* main.m in Sources */ = {isa = PBXBuildFile; fileRef = 2F173504180037D9002DD3EB /* main.m */; };
		2F17350818003DD5002DD3EB /* colors.m in Sources */ = {isa = PBXBuildFile; fileRef = 2F17350718003DD5002DD3EB /* colors.m */; };
		2F74BB2F1A14319E00212A4D /* Alfred.m in Sources */ = {isa = PBXBuildFile; fileRef = 2F74BB271A14319E00212A4D /* Alfred.m */; };
		2F74BB301A14319E00212A4D /* AWArgs.m in Sources */ = {isa = PBXBuildFile; fileRef = 2F74BB281A14319E00212A4D /* AWArgs.m */; };
		2F74BB311A14319E00212A4D /* AWFeedbackItem.m in Sources */ = {isa = PBXBuildFile; fileRef = 2F74BB291A14319E00212A4D /* AWFeedbackItem.m */; };
		2F74BB321A14319E00212A4D /* AWPreferences.m in Sources */ = {isa = PBXBuildFile; fileRef = 2F74BB2A1A14319E00212A4D /* AWPreferences.m */; };
		2F74BB331A14319E00212A4D /* AWWorkflow.m in Sources */ = {isa = PBXBuildFile; fileRef = 2F74BB2B1A14319E00212A4D /* AWWorkflow.m */; };
		2F74BB341A14319E00212A4D /* NSArray+FuzzySearching.m in Sources */ = {isa = PBXBuildFile; fileRef = 2F74BB2C1A14319E00212A4D /* NSArray+FuzzySearching.m */; };
		2F74BB351A14319E00212A4D /* NSFileManager+AWFindOrCreate.m in Sources */ = {isa = PBXBuildFile; fileRef = 2F74BB2D1A14319E00212A4D /* NSFileManager+AWFindOrCreate.m */; };
		2F74BB361A14319E00212A4D /* NSString+XMLEscaping.m in Sources */ = {isa = PBXBuildFile; fileRef = 2F74BB2E1A14319E00212A4D /* NSString+XMLEscaping.m */; };
		2F7DDDA81804C5B900DA5AD4 /* AppKit.framework in Frameworks */ = {isa = PBXBuildFile; fileRef = 2F7DDDA71804C5B900DA5AD4 /* AppKit.framework */; };
/* End PBXBuildFile section */

/* Begin PBXCopyFilesBuildPhase section */
		2F1734F31800356E002DD3EB /* CopyFiles */ = {
			isa = PBXCopyFilesBuildPhase;
			buildActionMask = 2147483647;
			dstPath = /usr/share/man/man1/;
			dstSubfolderSpec = 0;
			files = (
			);
			runOnlyForDeploymentPostprocessing = 1;
		};
/* End PBXCopyFilesBuildPhase section */

/* Begin PBXFileReference section */
		2F1734F51800356E002DD3EB /* colors */ = {isa = PBXFileReference; explicitFileType = "compiled.mach-o.executable"; includeInIndex = 0; path = colors; sourceTree = BUILT_PRODUCTS_DIR; };
		2F1734F81800356E002DD3EB /* CoreFoundation.framework */ = {isa = PBXFileReference; lastKnownFileType = wrapper.framework; name = CoreFoundation.framework; path = System/Library/Frameworks/CoreFoundation.framework; sourceTree = SDKROOT; };
		2F173504180037D9002DD3EB /* main.m */ = {isa = PBXFileReference; fileEncoding = 4; lastKnownFileType = sourcecode.c.objc; path = main.m; sourceTree = "<group>"; };
		2F17350618003DD5002DD3EB /* colors.h */ = {isa = PBXFileReference; fileEncoding = 4; lastKnownFileType = sourcecode.c.h; path = colors.h; sourceTree = "<group>"; };
		2F17350718003DD5002DD3EB /* colors.m */ = {isa = PBXFileReference; fileEncoding = 4; lastKnownFileType = sourcecode.c.objc; path = colors.m; sourceTree = "<group>"; usesTabs = 0; };
		2F74BB191A14319E00212A4D /* Alfred-Info.plist */ = {isa = PBXFileReference; fileEncoding = 4; lastKnownFileType = text.plist.xml; path = "Alfred-Info.plist"; sourceTree = "<group>"; };
		2F74BB1A1A14319E00212A4D /* Alfred-Prefix.pch */ = {isa = PBXFileReference; fileEncoding = 4; lastKnownFileType = sourcecode.c.h; path = "Alfred-Prefix.pch"; sourceTree = "<group>"; };
		2F74BB1C1A14319E00212A4D /* en */ = {isa = PBXFileReference; lastKnownFileType = text.plist.strings; name = en; path = en.lproj/InfoPlist.strings; sourceTree = "<group>"; };
		2F74BB1E1A14319E00212A4D /* Alfred.h */ = {isa = PBXFileReference; fileEncoding = 4; lastKnownFileType = sourcecode.c.h; path = Alfred.h; sourceTree = "<group>"; };
		2F74BB1F1A14319E00212A4D /* AWArgs.h */ = {isa = PBXFileReference; fileEncoding = 4; lastKnownFileType = sourcecode.c.h; path = AWArgs.h; sourceTree = "<group>"; };
		2F74BB201A14319E00212A4D /* AWFeedbackItem.h */ = {isa = PBXFileReference; fileEncoding = 4; lastKnownFileType = sourcecode.c.h; path = AWFeedbackItem.h; sourceTree = "<group>"; };
		2F74BB211A14319E00212A4D /* AWPreferences.h */ = {isa = PBXFileReference; fileEncoding = 4; lastKnownFileType = sourcecode.c.h; path = AWPreferences.h; sourceTree = "<group>"; };
		2F74BB221A14319E00212A4D /* AWWorkflow.h */ = {isa = PBXFileReference; fileEncoding = 4; lastKnownFileType = sourcecode.c.h; path = AWWorkflow.h; sourceTree = "<group>"; };
		2F74BB231A14319E00212A4D /* NSArray+FuzzySearching.h */ = {isa = PBXFileReference; fileEncoding = 4; lastKnownFileType = sourcecode.c.h; path = "NSArray+FuzzySearching.h"; sourceTree = "<group>"; };
		2F74BB241A14319E00212A4D /* NSFileManager+AWFindOrCreate.h */ = {isa = PBXFileReference; fileEncoding = 4; lastKnownFileType = sourcecode.c.h; path = "NSFileManager+AWFindOrCreate.h"; sourceTree = "<group>"; };
		2F74BB251A14319E00212A4D /* NSString+XMLEscaping.h */ = {isa = PBXFileReference; fileEncoding = 4; lastKnownFileType = sourcecode.c.h; path = "NSString+XMLEscaping.h"; sourceTree = "<group>"; };
		2F74BB271A14319E00212A4D /* Alfred.m */ = {isa = PBXFileReference; fileEncoding = 4; lastKnownFileType = sourcecode.c.objc; path = Alfred.m; sourceTree = "<group>"; };
		2F74BB281A14319E00212A4D /* AWArgs.m */ = {isa = PBXFileReference; fileEncoding = 4; lastKnownFileType = sourcecode.c.objc; path = AWArgs.m; sourceTree = "<group>"; };
		2F74BB291A14319E00212A4D /* AWFeedbackItem.m */ = {isa = PBXFileReference; fileEncoding = 4; lastKnownFileType = sourcecode.c.objc; path = AWFeedbackItem.m; sourceTree = "<group>"; };
		2F74BB2A1A14319E00212A4D /* AWPreferences.m */ = {isa = PBXFileReference; fileEncoding = 4; lastKnownFileType = sourcecode.c.objc; path = AWPreferences.m; sourceTree = "<group>"; };
		2F74BB2B1A14319E00212A4D /* AWWorkflow.m */ = {isa = PBXFileReference; fileEncoding = 4; lastKnownFileType = sourcecode.c.objc; path = AWWorkflow.m; sourceTree = "<group>"; };
		2F74BB2C1A14319E00212A4D /* NSArray+FuzzySearching.m */ = {isa = PBXFileReference; fileEncoding = 4; lastKnownFileType = sourcecode.c.objc; path = "NSArray+FuzzySearching.m"; sourceTree = "<group>"; };
		2F74BB2D1A14319E00212A4D /* NSFileManager+AWFindOrCreate.m */ = {isa = PBXFileReference; fileEncoding = 4; lastKnownFileType = sourcecode.c.objc; path = "NSFileManager+AWFindOrCreate.m"; sourceTree = "<group>"; };
		2F74BB2E1A14319E00212A4D /* NSString+XMLEscaping.m */ = {isa = PBXFileReference; fileEncoding = 4; lastKnownFileType = sourcecode.c.objc; path = "NSString+XMLEscaping.m"; sourceTree = "<group>"; };
		2F7DDDA71804C5B900DA5AD4 /* AppKit.framework */ = {isa = PBXFileReference; lastKnownFileType = wrapper.framework; name = AppKit.framework; path = System/Library/Frameworks/AppKit.framework; sourceTree = SDKROOT; };
/* End PBXFileReference section */

/* Begin PBXFrameworksBuildPhase section */
		2F1734F21800356E002DD3EB /* Frameworks */ = {
			isa = PBXFrameworksBuildPhase;
			buildActionMask = 2147483647;
			files = (
				2F7DDDA81804C5B900DA5AD4 /* AppKit.framework in Frameworks */,
				2F1734F91800356E002DD3EB /* CoreFoundation.framework in Frameworks */,
			);
			runOnlyForDeploymentPostprocessing = 0;
		};
/* End PBXFrameworksBuildPhase section */

/* Begin PBXGroup section */
		2F1734EC1800356D002DD3EB = {
			isa = PBXGroup;
			children = (
				2F1734FA1800356E002DD3EB /* colors */,
				2F74BB181A14319E00212A4D /* Alfred */,
				2F1734F71800356E002DD3EB /* Frameworks */,
				2F1734F61800356E002DD3EB /* Products */,
			);
			sourceTree = "<group>";
		};
		2F1734F61800356E002DD3EB /* Products */ = {
			isa = PBXGroup;
			children = (
				2F1734F51800356E002DD3EB /* colors */,
			);
			name = Products;
			sourceTree = "<group>";
		};
		2F1734F71800356E002DD3EB /* Frameworks */ = {
			isa = PBXGroup;
			children = (
				2F7DDDA71804C5B900DA5AD4 /* AppKit.framework */,
				2F1734F81800356E002DD3EB /* CoreFoundation.framework */,
			);
			name = Frameworks;
			sourceTree = "<group>";
		};
		2F1734FA1800356E002DD3EB /* colors */ = {
			isa = PBXGroup;
			children = (
				2F17350618003DD5002DD3EB /* colors.h */,
				2F17350718003DD5002DD3EB /* colors.m */,
				2F173504180037D9002DD3EB /* main.m */,
			);
			path = colors;
			sourceTree = "<group>";
		};
		2F74BB181A14319E00212A4D /* Alfred */ = {
			isa = PBXGroup;
			children = (
				2F74BB191A14319E00212A4D /* Alfred-Info.plist */,
				2F74BB1A1A14319E00212A4D /* Alfred-Prefix.pch */,
				2F74BB1B1A14319E00212A4D /* InfoPlist.strings */,
				2F74BB1D1A14319E00212A4D /* headers */,
				2F74BB261A14319E00212A4D /* implementation */,
			);
			path = Alfred;
			sourceTree = "<group>";
		};
		2F74BB1D1A14319E00212A4D /* headers */ = {
			isa = PBXGroup;
			children = (
				2F74BB1E1A14319E00212A4D /* Alfred.h */,
				2F74BB1F1A14319E00212A4D /* AWArgs.h */,
				2F74BB201A14319E00212A4D /* AWFeedbackItem.h */,
				2F74BB211A14319E00212A4D /* AWPreferences.h */,
				2F74BB221A14319E00212A4D /* AWWorkflow.h */,
				2F74BB231A14319E00212A4D /* NSArray+FuzzySearching.h */,
				2F74BB241A14319E00212A4D /* NSFileManager+AWFindOrCreate.h */,
				2F74BB251A14319E00212A4D /* NSString+XMLEscaping.h */,
			);
			path = headers;
			sourceTree = "<group>";
		};
		2F74BB261A14319E00212A4D /* implementation */ = {
			isa = PBXGroup;
			children = (
				2F74BB271A14319E00212A4D /* Alfred.m */,
				2F74BB281A14319E00212A4D /* AWArgs.m */,
				2F74BB291A14319E00212A4D /* AWFeedbackItem.m */,
				2F74BB2A1A14319E00212A4D /* AWPreferences.m */,
				2F74BB2B1A14319E00212A4D /* AWWorkflow.m */,
				2F74BB2C1A14319E00212A4D /* NSArray+FuzzySearching.m */,
				2F74BB2D1A14319E00212A4D /* NSFileManager+AWFindOrCreate.m */,
				2F74BB2E1A14319E00212A4D /* NSString+XMLEscaping.m */,
			);
			path = implementation;
			sourceTree = "<group>";
		};
/* End PBXGroup section */

/* Begin PBXNativeTarget section */
		2F1734F41800356E002DD3EB /* colors */ = {
			isa = PBXNativeTarget;
			buildConfigurationList = 2F1735011800356E002DD3EB /* Build configuration list for PBXNativeTarget "colors" */;
			buildPhases = (
				2F1734F11800356E002DD3EB /* Sources */,
				2F1734F21800356E002DD3EB /* Frameworks */,
				2F1734F31800356E002DD3EB /* CopyFiles */,
			);
			buildRules = (
			);
			dependencies = (
			);
			name = colors;
			productName = colors;
			productReference = 2F1734F51800356E002DD3EB /* colors */;
			productType = "com.apple.product-type.tool";
		};
/* End PBXNativeTarget section */

/* Begin PBXProject section */
		2F1734ED1800356D002DD3EB /* Project object */ = {
			isa = PBXProject;
			attributes = {
				LastUpgradeCheck = 0500;
				ORGANIZATIONNAME = Tyler;
			};
			buildConfigurationList = 2F1734F01800356D002DD3EB /* Build configuration list for PBXProject "colors" */;
			compatibilityVersion = "Xcode 3.2";
			developmentRegion = English;
			hasScannedForEncodings = 0;
			knownRegions = (
				en,
			);
			mainGroup = 2F1734EC1800356D002DD3EB;
			productRefGroup = 2F1734F61800356E002DD3EB /* Products */;
			projectDirPath = "";
			projectRoot = "";
			targets = (
				2F1734F41800356E002DD3EB /* colors */,
			);
		};
/* End PBXProject section */

/* Begin PBXSourcesBuildPhase section */
		2F1734F11800356E002DD3EB /* Sources */ = {
			isa = PBXSourcesBuildPhase;
			buildActionMask = 2147483647;
			files = (
				2F74BB321A14319E00212A4D /* AWPreferences.m in Sources */,
				2F74BB301A14319E00212A4D /* AWArgs.m in Sources */,
				2F74BB341A14319E00212A4D /* NSArray+FuzzySearching.m in Sources */,
				2F74BB2F1A14319E00212A4D /* Alfred.m in Sources */,
				2F173505180037D9002DD3EB /* main.m in Sources */,
				2F74BB361A14319E00212A4D /* NSString+XMLEscaping.m in Sources */,
				2F74BB311A14319E00212A4D /* AWFeedbackItem.m in Sources */,
				2F17350818003DD5002DD3EB /* colors.m in Sources */,
				2F74BB351A14319E00212A4D /* NSFileManager+AWFindOrCreate.m in Sources */,
				2F74BB331A14319E00212A4D /* AWWorkflow.m in Sources */,
			);
			runOnlyForDeploymentPostprocessing = 0;
		};
/* End PBXSourcesBuildPhase section */

/* Begin PBXVariantGroup section */
		2F74BB1B1A14319E00212A4D /* InfoPlist.strings */ = {
			isa = PBXVariantGroup;
			children = (
				2F74BB1C1A14319E00212A4D /* en */,
			);
			name = InfoPlist.strings;
			sourceTree = "<group>";
		};
/* End PBXVariantGroup section */

/* Begin XCBuildConfiguration section */
		2F1734FF1800356E002DD3EB /* Debug */ = {
			isa = XCBuildConfiguration;
			buildSettings = {
				ALWAYS_SEARCH_USER_PATHS = NO;
				CLANG_CXX_LANGUAGE_STANDARD = "gnu++0x";
				CLANG_CXX_LIBRARY = "libc++";
				CLANG_ENABLE_OBJC_ARC = YES;
				CLANG_WARN_BOOL_CONVERSION = YES;
				CLANG_WARN_CONSTANT_CONVERSION = YES;
				CLANG_WARN_DIRECT_OBJC_ISA_USAGE = YES_ERROR;
				CLANG_WARN_EMPTY_BODY = YES;
				CLANG_WARN_ENUM_CONVERSION = YES;
				CLANG_WARN_INT_CONVERSION = YES;
				CLANG_WARN_OBJC_ROOT_CLASS = YES_ERROR;
				CLANG_WARN__DUPLICATE_METHOD_MATCH = YES;
				COPY_PHASE_STRIP = NO;
				GCC_C_LANGUAGE_STANDARD = gnu99;
				GCC_DYNAMIC_NO_PIC = NO;
				GCC_ENABLE_OBJC_EXCEPTIONS = YES;
				GCC_OPTIMIZATION_LEVEL = 0;
				GCC_PREPROCESSOR_DEFINITIONS = (
					"DEBUG=1",
					"$(inherited)",
				);
				GCC_SYMBOLS_PRIVATE_EXTERN = NO;
				GCC_WARN_64_TO_32_BIT_CONVERSION = YES;
				GCC_WARN_ABOUT_RETURN_TYPE = YES_ERROR;
				GCC_WARN_UNDECLARED_SELECTOR = YES;
				GCC_WARN_UNINITIALIZED_AUTOS = YES;
				GCC_WARN_UNUSED_FUNCTION = YES;
				GCC_WARN_UNUSED_VARIABLE = YES;
				MACOSX_DEPLOYMENT_TARGET = 10.8;
				ONLY_ACTIVE_ARCH = YES;
				SDKROOT = macosx;
			};
			name = Debug;
		};
		2F1735001800356E002DD3EB /* Release */ = {
			isa = XCBuildConfiguration;
			buildSettings = {
				ALWAYS_SEARCH_USER_PATHS = NO;
				CLANG_CXX_LANGUAGE_STANDARD = "gnu++0x";
				CLANG_CXX_LIBRARY = "libc++";
				CLANG_ENABLE_OBJC_ARC = YES;
				CLANG_WARN_BOOL_CONVERSION = YES;
				CLANG_WARN_CONSTANT_CONVERSION = YES;
				CLANG_WARN_DIRECT_OBJC_ISA_USAGE = YES_ERROR;
				CLANG_WARN_EMPTY_BODY = YES;
				CLANG_WARN_ENUM_CONVERSION = YES;
				CLANG_WARN_INT_CONVERSION = YES;
				CLANG_WARN_OBJC_ROOT_CLASS = YES_ERROR;
				CLANG_WARN__DUPLICATE_METHOD_MATCH = YES;
				COPY_PHASE_STRIP = YES;
				DEBUG_INFORMATION_FORMAT = "dwarf-with-dsym";
				ENABLE_NS_ASSERTIONS = NO;
				GCC_C_LANGUAGE_STANDARD = gnu99;
				GCC_ENABLE_OBJC_EXCEPTIONS = YES;
				GCC_WARN_64_TO_32_BIT_CONVERSION = YES;
				GCC_WARN_ABOUT_RETURN_TYPE = YES_ERROR;
				GCC_WARN_UNDECLARED_SELECTOR = YES;
				GCC_WARN_UNINITIALIZED_AUTOS = YES;
				GCC_WARN_UNUSED_FUNCTION = YES;
				GCC_WARN_UNUSED_VARIABLE = YES;
				MACOSX_DEPLOYMENT_TARGET = 10.8;
				SDKROOT = macosx;
			};
			name = Release;
		};
		2F1735021800356E002DD3EB /* Debug */ = {
			isa = XCBuildConfiguration;
			buildSettings = {
				FRAMEWORK_SEARCH_PATHS = (
					"$(inherited)",
					"/Users/Tyler/Developer/Alfred-Extras/Source/colors",
				);
				PRODUCT_NAME = "$(TARGET_NAME)";
			};
			name = Debug;
		};
		2F1735031800356E002DD3EB /* Release */ = {
			isa = XCBuildConfiguration;
			buildSettings = {
				FRAMEWORK_SEARCH_PATHS = (
					"$(inherited)",
					"/Users/Tyler/Developer/Alfred-Extras/Source/colors",
				);
				PRODUCT_NAME = "$(TARGET_NAME)";
			};
			name = Release;
		};
/* End XCBuildConfiguration section */

/* Begin XCConfigurationList section */
		2F1734F01800356D002DD3EB /* Build configuration list for PBXProject "colors" */ = {
			isa = XCConfigurationList;
			buildConfigurations = (
				2F1734FF1800356E002DD3EB /* Debug */,
				2F1735001800356E002DD3EB /* Release */,
			);
			defaultConfigurationIsVisible = 0;
			defaultConfigurationName = Release;
		};
		2F1735011800356E002DD3EB /* Build configuration list for PBXNativeTarget "colors" */ = {
			isa = XCConfigurationList;
			buildConfigurations = (
				2F1735021800356E002DD3EB /* Debug */,
				2F1735031800356E002DD3EB /* Release */,
			);
			defaultConfigurationIsVisible = 0;
			defaultConfigurationName = Release;
		};
/* End XCConfigurationList section */
	};
	rootObject = 2F1734ED1800356D002DD3EB /* Project object */;
}
